lockfileVersion: '9.0'

settings:
  autoInstallPeers: true
  excludeLinksFromLockfile: false

importers:
  .:
    dependencies:
      fast-xml-parser:
        specifier: 4.2.5
        version: 4.2.5

packages:

  fast-xml-parser@4.2.5:
    resolution: {integrity: sha512-stubstubstub}
    hasBin: true
