# This file is generated by running "yarn install" inside your project.
# Manual changes might be lost - proceed with caution!

__metadata:
  version: 8
  cacheKey: 10c0

"node-fetch@npm:^2.6.7":
  version: 2.6.7
  resolution: "node-fetch@npm:2.6.7"
  dependencies:
    whatwg-url: "npm:^5.0.0"
  checksum: 10c0/8ac0b0d5c0b5c8e6b0f2e8d9d5e2c1a4
  languageName: node
  linkType: hard

"p-queue@npm:^7.4.1":
  version: 7.4.1
  resolution: "p-queue@npm:7.4.1"
  languageName: node
  linkType: hard
