lockfileVersion: '9.0'

settings:
  autoInstallPeers: true
  excludeLinksFromLockfile: false

importers:
  .:
    devDependencies:
      typescript:
        specifier: ^5.6.2
        version: 5.6.2
  web:
    devDependencies:
      typescript:
        specifier: ^5.6.2
        version: 5.6.2

packages:

  typescript@5.6.2:
    resolution: {integrity: sha512-stubstubstub}
    hasBin: true
